// !$*UTF8*$!
{
	archiveVersion = 1;
	classes = {
	};
	objectVersion = 46;
	objects = {

/* Begin PBXBuildFile section */
		7650CECE17675B91005CFE85 /* TuiDictionaryTests.m in Sources */ = {isa = PBXBuildFile; fileRef = 7650CECD17675B91005CFE85 /* TuiDictionaryTests.m */; };
		7657F7C71862F62A001C9736 /* TuiParametrizedXmlTests.m in Sources */ = {isa = PBXBuildFile; fileRef = 766712251721264700474484 /* TuiParametrizedXmlTests.m */; };
		7657F7C81862F62A001C9736 /* TuiDateFormatterTests.m in Sources */ = {isa = PBXBuildFile; fileRef = 76AF14781727F2A700699E42 /* TuiDateFormatterTests.m */; };
		7657F7C91862F62A001C9736 /* TuiXmlManagerTests.m in Sources */ = {isa = PBXBuildFile; fileRef = 76AF147B1727F50400699E42 /* TuiXmlManagerTests.m */; };
		7657F7CA1862F62A001C9736 /* TuiXmlReaderTests.m in Sources */ = {isa = PBXBuildFile; fileRef = 765AEBF6172E8D8D009B1800 /* TuiXmlReaderTests.m */; };
		7657F7CB1862F62A001C9736 /* TuiRandomIdsTest.m in Sources */ = {isa = PBXBuildFile; fileRef = 76B649BD175603CB00B415CD /* TuiRandomIdsTest.m */; };
		765AEBF0172E7C73009B1800 /* RXMLElement.m in Sources */ = {isa = PBXBuildFile; fileRef = 765AEBEF172E7C73009B1800 /* RXMLElement.m */; };
		765AEBF2172E7CC1009B1800 /* libz.dylib in Frameworks */ = {isa = PBXBuildFile; fileRef = 765AEBF1172E7CC1009B1800 /* libz.dylib */; };
		765AEBF4172E7CDD009B1800 /* libxml2.dylib in Frameworks */ = {isa = PBXBuildFile; fileRef = 765AEBF3172E7CDD009B1800 /* libxml2.dylib */; };
		765AEBFA172E934F009B1800 /* TuiXmlReader.m in Sources */ = {isa = PBXBuildFile; fileRef = 765AEBF9172E934F009B1800 /* TuiXmlReader.m */; };
		765AEBFD172E94DE009B1800 /* TuiObjectReader.m in Sources */ = {isa = PBXBuildFile; fileRef = 765AEBFC172E94DE009B1800 /* TuiObjectReader.m */; };
		765AEBFE172EE8F9009B1800 /* libxml2.dylib in Frameworks */ = {isa = PBXBuildFile; fileRef = 765AEBF3172E7CDD009B1800 /* libxml2.dylib */; };
		765AEBFF172EE905009B1800 /* libz.dylib in Frameworks */ = {isa = PBXBuildFile; fileRef = 765AEBF1172E7CC1009B1800 /* libz.dylib */; };
		766711F8171FF6C800474484 /* Foundation.framework in Frameworks */ = {isa = PBXBuildFile; fileRef = 766711F7171FF6C800474484 /* Foundation.framework */; };
		76671207171FF6C800474484 /* SenTestingKit.framework in Frameworks */ = {isa = PBXBuildFile; fileRef = 76671206171FF6C800474484 /* SenTestingKit.framework */; };
		7667120A171FF6C800474484 /* Foundation.framework in Frameworks */ = {isa = PBXBuildFile; fileRef = 766711F7171FF6C800474484 /* Foundation.framework */; };
		7667120D171FF6C800474484 /* libTuiObjCApi.a in Frameworks */ = {isa = PBXBuildFile; fileRef = 766711F4171FF6C800474484 /* libTuiObjCApi.a */; };
		76671213171FF6C800474484 /* InfoPlist.strings in Resources */ = {isa = PBXBuildFile; fileRef = 76671211171FF6C800474484 /* InfoPlist.strings */; };
		766712231720021900474484 /* TuiParametrizedXml.m in Sources */ = {isa = PBXBuildFile; fileRef = 766712221720021900474484 /* TuiParametrizedXml.m */; };
		7667122A17213B3A00474484 /* NSString+Tui.m in Sources */ = {isa = PBXBuildFile; fileRef = 7667122917213B3A00474484 /* NSString+Tui.m */; };
		7667122D172527FA00474484 /* NSString+Tui.m in Sources */ = {isa = PBXBuildFile; fileRef = 7667122917213B3A00474484 /* NSString+Tui.m */; };
		766712301725606200474484 /* TuiXmlManager.m in Sources */ = {isa = PBXBuildFile; fileRef = 7667122F1725606200474484 /* TuiXmlManager.m */; };
		769D1F1A1726CFD900360513 /* TuiHttpRequest.m in Sources */ = {isa = PBXBuildFile; fileRef = 769D1F191726CFD900360513 /* TuiHttpRequest.m */; };
		769D1F1D1726D43A00360513 /* TuiUrlReader.m in Sources */ = {isa = PBXBuildFile; fileRef = 769D1F1C1726D43900360513 /* TuiUrlReader.m */; };
		769D1F201726E78900360513 /* TuiJsonReader.m in Sources */ = {isa = PBXBuildFile; fileRef = 769D1F1F1726E78900360513 /* TuiJsonReader.m */; };
		769D1F231726E9AC00360513 /* NSDictionary+Tui.m in Sources */ = {isa = PBXBuildFile; fileRef = 769D1F221726E9AC00360513 /* NSDictionary+Tui.m */; };
		769D8587172AB8D500E09CAE /* TuiParametrizedUrl.m in Sources */ = {isa = PBXBuildFile; fileRef = 769D8586172AB8D500E09CAE /* TuiParametrizedUrl.m */; };
		769D858A172ABFA100E09CAE /* TuiUrlManager.m in Sources */ = {isa = PBXBuildFile; fileRef = 769D8589172ABFA100E09CAE /* TuiUrlManager.m */; };
		76AF14671727C1E900699E42 /* TuiContextCache.m in Sources */ = {isa = PBXBuildFile; fileRef = 76AF14661727C1E900699E42 /* TuiContextCache.m */; };
		76AF146A1727C68300699E42 /* TuiJsonStorer.m in Sources */ = {isa = PBXBuildFile; fileRef = 76AF14691727C68300699E42 /* TuiJsonStorer.m */; };
		76AF146E1727C7A700699E42 /* TuiClassManager.m in Sources */ = {isa = PBXBuildFile; fileRef = 76AF146D1727C7A700699E42 /* TuiClassManager.m */; };
		76AF14711727C94100699E42 /* NSObject+Tui.m in Sources */ = {isa = PBXBuildFile; fileRef = 76AF14701727C94100699E42 /* NSObject+Tui.m */; };
		76AF14761727CB7F00699E42 /* TuiDateFormatter.m in Sources */ = {isa = PBXBuildFile; fileRef = 76AF14751727CB7F00699E42 /* TuiDateFormatter.m */; };
		76AF147D1728041D00699E42 /* NSDictionary+Tui.m in Sources */ = {isa = PBXBuildFile; fileRef = 769D1F221726E9AC00360513 /* NSDictionary+Tui.m */; };
		76AF147E1728042000699E42 /* NSObject+Tui.m in Sources */ = {isa = PBXBuildFile; fileRef = 76AF14701727C94100699E42 /* NSObject+Tui.m */; };
		76B649C1175607AC00B415CD /* Security.framework in Frameworks */ = {isa = PBXBuildFile; fileRef = 76B649BF1756077900B415CD /* Security.framework */; };
		76B649C21756090700B415CD /* Security.framework in Frameworks */ = {isa = PBXBuildFile; fileRef = 76B649BF1756077900B415CD /* Security.framework */; };
/* End PBXBuildFile section */

/* Begin PBXContainerItemProxy section */
		7667120B171FF6C800474484 /* PBXContainerItemProxy */ = {
			isa = PBXContainerItemProxy;
			containerPortal = 766711EC171FF6C800474484 /* Project object */;
			proxyType = 1;
			remoteGlobalIDString = 766711F3171FF6C800474484;
			remoteInfo = TuiObjCApi;
		};
/* End PBXContainerItemProxy section */

/* Begin PBXCopyFilesBuildPhase section */
		766711F2171FF6C800474484 /* CopyFiles */ = {
			isa = PBXCopyFilesBuildPhase;
			buildActionMask = 2147483647;
			dstPath = "include/${PRODUCT_NAME}";
			dstSubfolderSpec = 16;
			files = (
			);
			runOnlyForDeploymentPostprocessing = 0;
		};
/* End PBXCopyFilesBuildPhase section */

/* Begin PBXFileReference section */
		7650CECC17675B91005CFE85 /* TuiDictionaryTests.h */ = {isa = PBXFileReference; fileEncoding = 4; lastKnownFileType = sourcecode.c.h; path = TuiDictionaryTests.h; sourceTree = "<group>"; };
		7650CECD17675B91005CFE85 /* TuiDictionaryTests.m */ = {isa = PBXFileReference; fileEncoding = 4; lastKnownFileType = sourcecode.c.objc; path = TuiDictionaryTests.m; sourceTree = "<group>"; };
		765AEBEE172E7C73009B1800 /* RXMLElement.h */ = {isa = PBXFileReference; fileEncoding = 4; lastKnownFileType = sourcecode.c.h; name = RXMLElement.h; path = External/RaptureXML/RXMLElement.h; sourceTree = "<group>"; };
		765AEBEF172E7C73009B1800 /* RXMLElement.m */ = {isa = PBXFileReference; fileEncoding = 4; lastKnownFileType = sourcecode.c.objc; name = RXMLElement.m; path = External/RaptureXML/RXMLElement.m; sourceTree = "<group>"; };
		765AEBF1172E7CC1009B1800 /* libz.dylib */ = {isa = PBXFileReference; lastKnownFileType = "compiled.mach-o.dylib"; name = libz.dylib; path = usr/lib/libz.dylib; sourceTree = SDKROOT; };
		765AEBF3172E7CDD009B1800 /* libxml2.dylib */ = {isa = PBXFileReference; lastKnownFileType = "compiled.mach-o.dylib"; name = libxml2.dylib; path = usr/lib/libxml2.dylib; sourceTree = SDKROOT; };
		765AEBF5172E8D8D009B1800 /* TuiXmlReaderTests.h */ = {isa = PBXFileReference; fileEncoding = 4; lastKnownFileType = sourcecode.c.h; path = TuiXmlReaderTests.h; sourceTree = "<group>"; };
		765AEBF6172E8D8D009B1800 /* TuiXmlReaderTests.m */ = {isa = PBXFileReference; fileEncoding = 4; lastKnownFileType = sourcecode.c.objc; path = TuiXmlReaderTests.m; sourceTree = "<group>"; };
		765AEBF8172E934F009B1800 /* TuiXmlReader.h */ = {isa = PBXFileReference; fileEncoding = 4; lastKnownFileType = sourcecode.c.h; name = TuiXmlReader.h; path = IO/TuiXmlReader.h; sourceTree = "<group>"; };
		765AEBF9172E934F009B1800 /* TuiXmlReader.m */ = {isa = PBXFileReference; fileEncoding = 4; lastKnownFileType = sourcecode.c.objc; name = TuiXmlReader.m; path = IO/TuiXmlReader.m; sourceTree = "<group>"; };
		765AEBFB172E94DE009B1800 /* TuiObjectReader.h */ = {isa = PBXFileReference; fileEncoding = 4; lastKnownFileType = sourcecode.c.h; name = TuiObjectReader.h; path = IO/TuiObjectReader.h; sourceTree = "<group>"; };
		765AEBFC172E94DE009B1800 /* TuiObjectReader.m */ = {isa = PBXFileReference; fileEncoding = 4; lastKnownFileType = sourcecode.c.objc; name = TuiObjectReader.m; path = IO/TuiObjectReader.m; sourceTree = "<group>"; };
		766711F4171FF6C800474484 /* libTuiObjCApi.a */ = {isa = PBXFileReference; explicitFileType = archive.ar; includeInIndex = 0; path = libTuiObjCApi.a; sourceTree = BUILT_PRODUCTS_DIR; };
		766711F7171FF6C800474484 /* Foundation.framework */ = {isa = PBXFileReference; lastKnownFileType = wrapper.framework; name = Foundation.framework; path = System/Library/Frameworks/Foundation.framework; sourceTree = SDKROOT; };
		766711FB171FF6C800474484 /* TuiObjCApi-Prefix.pch */ = {isa = PBXFileReference; lastKnownFileType = sourcecode.c.h; path = "TuiObjCApi-Prefix.pch"; sourceTree = "<group>"; };
		76671205171FF6C800474484 /* TuiObjCApiTests.octest */ = {isa = PBXFileReference; explicitFileType = wrapper.cfbundle; includeInIndex = 0; path = TuiObjCApiTests.octest; sourceTree = BUILT_PRODUCTS_DIR; };
		76671206171FF6C800474484 /* SenTestingKit.framework */ = {isa = PBXFileReference; lastKnownFileType = wrapper.framework; name = SenTestingKit.framework; path = Library/Frameworks/SenTestingKit.framework; sourceTree = DEVELOPER_DIR; };
		76671210171FF6C800474484 /* TuiObjCApiTests-Info.plist */ = {isa = PBXFileReference; lastKnownFileType = text.plist.xml; path = "TuiObjCApiTests-Info.plist"; sourceTree = "<group>"; };
		76671212171FF6C800474484 /* en */ = {isa = PBXFileReference; lastKnownFileType = text.plist.strings; name = en; path = en.lproj/InfoPlist.strings; sourceTree = "<group>"; };
		7667121F171FFAB200474484 /* TuiDebug.h */ = {isa = PBXFileReference; lastKnownFileType = sourcecode.c.h; path = TuiDebug.h; sourceTree = "<group>"; };
		766712211720021900474484 /* TuiParametrizedXml.h */ = {isa = PBXFileReference; fileEncoding = 4; lastKnownFileType = sourcecode.c.h; name = TuiParametrizedXml.h; path = IO/TuiParametrizedXml.h; sourceTree = "<group>"; };
		766712221720021900474484 /* TuiParametrizedXml.m */ = {isa = PBXFileReference; fileEncoding = 4; lastKnownFileType = sourcecode.c.objc; name = TuiParametrizedXml.m; path = IO/TuiParametrizedXml.m; sourceTree = "<group>"; };
		766712241721264700474484 /* TuiParametrizedXmlTests.h */ = {isa = PBXFileReference; fileEncoding = 4; lastKnownFileType = sourcecode.c.h; path = TuiParametrizedXmlTests.h; sourceTree = "<group>"; };
		766712251721264700474484 /* TuiParametrizedXmlTests.m */ = {isa = PBXFileReference; fileEncoding = 4; lastKnownFileType = sourcecode.c.objc; path = TuiParametrizedXmlTests.m; sourceTree = "<group>"; };
		7667122817213B3A00474484 /* NSString+Tui.h */ = {isa = PBXFileReference; fileEncoding = 4; lastKnownFileType = sourcecode.c.h; name = "NSString+Tui.h"; path = "Categories/NSString+Tui.h"; sourceTree = "<group>"; };
		7667122917213B3A00474484 /* NSString+Tui.m */ = {isa = PBXFileReference; fileEncoding = 4; lastKnownFileType = sourcecode.c.objc; name = "NSString+Tui.m"; path = "Categories/NSString+Tui.m"; sourceTree = "<group>"; };
		7667122E1725606200474484 /* TuiXmlManager.h */ = {isa = PBXFileReference; fileEncoding = 4; lastKnownFileType = sourcecode.c.h; name = TuiXmlManager.h; path = IO/TuiXmlManager.h; sourceTree = "<group>"; };
		7667122F1725606200474484 /* TuiXmlManager.m */ = {isa = PBXFileReference; fileEncoding = 4; lastKnownFileType = sourcecode.c.objc; name = TuiXmlManager.m; path = IO/TuiXmlManager.m; sourceTree = "<group>"; };
		769D1F181726CFD900360513 /* TuiHttpRequest.h */ = {isa = PBXFileReference; fileEncoding = 4; lastKnownFileType = sourcecode.c.h; name = TuiHttpRequest.h; path = IO/TuiHttpRequest.h; sourceTree = "<group>"; };
		769D1F191726CFD900360513 /* TuiHttpRequest.m */ = {isa = PBXFileReference; fileEncoding = 4; lastKnownFileType = sourcecode.c.objc; name = TuiHttpRequest.m; path = IO/TuiHttpRequest.m; sourceTree = "<group>"; };
		769D1F1B1726D43900360513 /* TuiUrlReader.h */ = {isa = PBXFileReference; fileEncoding = 4; lastKnownFileType = sourcecode.c.h; name = TuiUrlReader.h; path = IO/TuiUrlReader.h; sourceTree = "<group>"; };
		769D1F1C1726D43900360513 /* TuiUrlReader.m */ = {isa = PBXFileReference; fileEncoding = 4; lastKnownFileType = sourcecode.c.objc; name = TuiUrlReader.m; path = IO/TuiUrlReader.m; sourceTree = "<group>"; };
		769D1F1E1726E78900360513 /* TuiJsonReader.h */ = {isa = PBXFileReference; fileEncoding = 4; lastKnownFileType = sourcecode.c.h; name = TuiJsonReader.h; path = IO/TuiJsonReader.h; sourceTree = "<group>"; };
		769D1F1F1726E78900360513 /* TuiJsonReader.m */ = {isa = PBXFileReference; fileEncoding = 4; lastKnownFileType = sourcecode.c.objc; name = TuiJsonReader.m; path = IO/TuiJsonReader.m; sourceTree = "<group>"; };
		769D1F211726E9AC00360513 /* NSDictionary+Tui.h */ = {isa = PBXFileReference; fileEncoding = 4; lastKnownFileType = sourcecode.c.h; name = "NSDictionary+Tui.h"; path = "Categories/NSDictionary+Tui.h"; sourceTree = "<group>"; };
		769D1F221726E9AC00360513 /* NSDictionary+Tui.m */ = {isa = PBXFileReference; fileEncoding = 4; lastKnownFileType = sourcecode.c.objc; name = "NSDictionary+Tui.m"; path = "Categories/NSDictionary+Tui.m"; sourceTree = "<group>"; };
		769D8585172AB8D500E09CAE /* TuiParametrizedUrl.h */ = {isa = PBXFileReference; fileEncoding = 4; lastKnownFileType = sourcecode.c.h; name = TuiParametrizedUrl.h; path = IO/TuiParametrizedUrl.h; sourceTree = "<group>"; };
		769D8586172AB8D500E09CAE /* TuiParametrizedUrl.m */ = {isa = PBXFileReference; fileEncoding = 4; lastKnownFileType = sourcecode.c.objc; name = TuiParametrizedUrl.m; path = IO/TuiParametrizedUrl.m; sourceTree = "<group>"; };
		769D8588172ABFA100E09CAE /* TuiUrlManager.h */ = {isa = PBXFileReference; fileEncoding = 4; lastKnownFileType = sourcecode.c.h; name = TuiUrlManager.h; path = IO/TuiUrlManager.h; sourceTree = "<group>"; };
		769D8589172ABFA100E09CAE /* TuiUrlManager.m */ = {isa = PBXFileReference; fileEncoding = 4; lastKnownFileType = sourcecode.c.objc; name = TuiUrlManager.m; path = IO/TuiUrlManager.m; sourceTree = "<group>"; };
		76AF14651727C1E900699E42 /* TuiContextCache.h */ = {isa = PBXFileReference; fileEncoding = 4; lastKnownFileType = sourcecode.c.h; name = TuiContextCache.h; path = Cache/TuiContextCache.h; sourceTree = "<group>"; };
		76AF14661727C1E900699E42 /* TuiContextCache.m */ = {isa = PBXFileReference; fileEncoding = 4; lastKnownFileType = sourcecode.c.objc; name = TuiContextCache.m; path = Cache/TuiContextCache.m; sourceTree = "<group>"; };
		76AF14681727C68300699E42 /* TuiJsonStorer.h */ = {isa = PBXFileReference; fileEncoding = 4; lastKnownFileType = sourcecode.c.h; name = TuiJsonStorer.h; path = IO/TuiJsonStorer.h; sourceTree = "<group>"; };
		76AF14691727C68300699E42 /* TuiJsonStorer.m */ = {isa = PBXFileReference; fileEncoding = 4; lastKnownFileType = sourcecode.c.objc; name = TuiJsonStorer.m; path = IO/TuiJsonStorer.m; sourceTree = "<group>"; };
		76AF146C1727C7A700699E42 /* TuiClassManager.h */ = {isa = PBXFileReference; fileEncoding = 4; lastKnownFileType = sourcecode.c.h; name = TuiClassManager.h; path = Util/TuiClassManager.h; sourceTree = "<group>"; };
		76AF146D1727C7A700699E42 /* TuiClassManager.m */ = {isa = PBXFileReference; fileEncoding = 4; lastKnownFileType = sourcecode.c.objc; name = TuiClassManager.m; path = Util/TuiClassManager.m; sourceTree = "<group>"; };
		76AF146F1727C94100699E42 /* NSObject+Tui.h */ = {isa = PBXFileReference; fileEncoding = 4; lastKnownFileType = sourcecode.c.h; name = "NSObject+Tui.h"; path = "Categories/NSObject+Tui.h"; sourceTree = "<group>"; };
		76AF14701727C94100699E42 /* NSObject+Tui.m */ = {isa = PBXFileReference; fileEncoding = 4; lastKnownFileType = sourcecode.c.objc; name = "NSObject+Tui.m"; path = "Categories/NSObject+Tui.m"; sourceTree = "<group>"; };
		76AF14741727CB7F00699E42 /* TuiDateFormatter.h */ = {isa = PBXFileReference; fileEncoding = 4; lastKnownFileType = sourcecode.c.h; name = TuiDateFormatter.h; path = Model/TuiDateFormatter.h; sourceTree = "<group>"; };
		76AF14751727CB7F00699E42 /* TuiDateFormatter.m */ = {isa = PBXFileReference; fileEncoding = 4; lastKnownFileType = sourcecode.c.objc; name = TuiDateFormatter.m; path = Model/TuiDateFormatter.m; sourceTree = "<group>"; };
		76AF14771727F2A700699E42 /* TuiDateFormatterTests.h */ = {isa = PBXFileReference; fileEncoding = 4; lastKnownFileType = sourcecode.c.h; path = TuiDateFormatterTests.h; sourceTree = "<group>"; };
		76AF14781727F2A700699E42 /* TuiDateFormatterTests.m */ = {isa = PBXFileReference; fileEncoding = 4; lastKnownFileType = sourcecode.c.objc; path = TuiDateFormatterTests.m; sourceTree = "<group>"; };
		76AF147A1727F50400699E42 /* TuiXmlManagerTests.h */ = {isa = PBXFileReference; fileEncoding = 4; lastKnownFileType = sourcecode.c.h; path = TuiXmlManagerTests.h; sourceTree = "<group>"; };
		76AF147B1727F50400699E42 /* TuiXmlManagerTests.m */ = {isa = PBXFileReference; fileEncoding = 4; lastKnownFileType = sourcecode.c.objc; path = TuiXmlManagerTests.m; sourceTree = "<group>"; };
		76B649BC175603CB00B415CD /* TuiRandomIdsTest.h */ = {isa = PBXFileReference; fileEncoding = 4; lastKnownFileType = sourcecode.c.h; path = TuiRandomIdsTest.h; sourceTree = "<group>"; };
		76B649BD175603CB00B415CD /* TuiRandomIdsTest.m */ = {isa = PBXFileReference; fileEncoding = 4; lastKnownFileType = sourcecode.c.objc; path = TuiRandomIdsTest.m; sourceTree = "<group>"; };
		76B649BF1756077900B415CD /* Security.framework */ = {isa = PBXFileReference; lastKnownFileType = wrapper.framework; name = Security.framework; path = System/Library/Frameworks/Security.framework; sourceTree = SDKROOT; };
/* End PBXFileReference section */

/* Begin PBXFrameworksBuildPhase section */
		766711F1171FF6C800474484 /* Frameworks */ = {
			isa = PBXFrameworksBuildPhase;
			buildActionMask = 2147483647;
			files = (
				76B649C1175607AC00B415CD /* Security.framework in Frameworks */,
				765AEBF4172E7CDD009B1800 /* libxml2.dylib in Frameworks */,
				765AEBF2172E7CC1009B1800 /* libz.dylib in Frameworks */,
				766711F8171FF6C800474484 /* Foundation.framework in Frameworks */,
			);
			runOnlyForDeploymentPostprocessing = 0;
		};
		76671201171FF6C800474484 /* Frameworks */ = {
			isa = PBXFrameworksBuildPhase;
			buildActionMask = 2147483647;
			files = (
				76B649C21756090700B415CD /* Security.framework in Frameworks */,
				765AEBFF172EE905009B1800 /* libz.dylib in Frameworks */,
				765AEBFE172EE8F9009B1800 /* libxml2.dylib in Frameworks */,
				76671207171FF6C800474484 /* SenTestingKit.framework in Frameworks */,
				7667120A171FF6C800474484 /* Foundation.framework in Frameworks */,
				7667120D171FF6C800474484 /* libTuiObjCApi.a in Frameworks */,
			);
			runOnlyForDeploymentPostprocessing = 0;
		};
/* End PBXFrameworksBuildPhase section */

/* Begin PBXGroup section */
		765AEBEC172E7B72009B1800 /* External */ = {
			isa = PBXGroup;
			children = (
				765AEBED172E7B7D009B1800 /* RaptureXML */,
			);
			name = External;
			sourceTree = "<group>";
		};
		765AEBED172E7B7D009B1800 /* RaptureXML */ = {
			isa = PBXGroup;
			children = (
				765AEBEE172E7C73009B1800 /* RXMLElement.h */,
				765AEBEF172E7C73009B1800 /* RXMLElement.m */,
			);
			name = RaptureXML;
			sourceTree = "<group>";
		};
		766711EB171FF6C800474484 = {
			isa = PBXGroup;
			children = (
				765AEBF3172E7CDD009B1800 /* libxml2.dylib */,
				765AEBF1172E7CC1009B1800 /* libz.dylib */,
				766711F9171FF6C800474484 /* TuiObjCApi */,
				7667120E171FF6C800474484 /* TuiObjCApiTests */,
				766711F6171FF6C800474484 /* Frameworks */,
				766711F5171FF6C800474484 /* Products */,
			);
			sourceTree = "<group>";
		};
		766711F5171FF6C800474484 /* Products */ = {
			isa = PBXGroup;
			children = (
				766711F4171FF6C800474484 /* libTuiObjCApi.a */,
				76671205171FF6C800474484 /* TuiObjCApiTests.octest */,
			);
			name = Products;
			sourceTree = "<group>";
		};
		766711F6171FF6C800474484 /* Frameworks */ = {
			isa = PBXGroup;
			children = (
				76B649BF1756077900B415CD /* Security.framework */,
				766711F7171FF6C800474484 /* Foundation.framework */,
				76671206171FF6C800474484 /* SenTestingKit.framework */,
			);
			name = Frameworks;
			sourceTree = "<group>";
		};
		766711F9171FF6C800474484 /* TuiObjCApi */ = {
			isa = PBXGroup;
			children = (
				765AEBEC172E7B72009B1800 /* External */,
				76AF14721727CB0F00699E42 /* Model */,
				76AF146B1727C76700699E42 /* Util */,
				76AF14641727C19300699E42 /* Cache */,
				7667122717213AF000474484 /* Categories */,
				766712201720016000474484 /* IO */,
				766711FA171FF6C800474484 /* Supporting Files */,
			);
			path = TuiObjCApi;
			sourceTree = "<group>";
		};
		766711FA171FF6C800474484 /* Supporting Files */ = {
			isa = PBXGroup;
			children = (
				766711FB171FF6C800474484 /* TuiObjCApi-Prefix.pch */,
				7667121F171FFAB200474484 /* TuiDebug.h */,
			);
			name = "Supporting Files";
			sourceTree = "<group>";
		};
		7667120E171FF6C800474484 /* TuiObjCApiTests */ = {
			isa = PBXGroup;
			children = (
				7667120F171FF6C800474484 /* Supporting Files */,
				766712241721264700474484 /* TuiParametrizedXmlTests.h */,
				766712251721264700474484 /* TuiParametrizedXmlTests.m */,
				76AF14771727F2A700699E42 /* TuiDateFormatterTests.h */,
				76AF14781727F2A700699E42 /* TuiDateFormatterTests.m */,
				76AF147A1727F50400699E42 /* TuiXmlManagerTests.h */,
				76AF147B1727F50400699E42 /* TuiXmlManagerTests.m */,
				765AEBF5172E8D8D009B1800 /* TuiXmlReaderTests.h */,
				765AEBF6172E8D8D009B1800 /* TuiXmlReaderTests.m */,
				76B649BC175603CB00B415CD /* TuiRandomIdsTest.h */,
				76B649BD175603CB00B415CD /* TuiRandomIdsTest.m */,
				7650CECC17675B91005CFE85 /* TuiDictionaryTests.h */,
				7650CECD17675B91005CFE85 /* TuiDictionaryTests.m */,
			);
			path = TuiObjCApiTests;
			sourceTree = "<group>";
		};
		7667120F171FF6C800474484 /* Supporting Files */ = {
			isa = PBXGroup;
			children = (
				76671210171FF6C800474484 /* TuiObjCApiTests-Info.plist */,
				76671211171FF6C800474484 /* InfoPlist.strings */,
			);
			name = "Supporting Files";
			sourceTree = "<group>";
		};
		766712201720016000474484 /* IO */ = {
			isa = PBXGroup;
			children = (
				766712211720021900474484 /* TuiParametrizedXml.h */,
				766712221720021900474484 /* TuiParametrizedXml.m */,
				7667122E1725606200474484 /* TuiXmlManager.h */,
				7667122F1725606200474484 /* TuiXmlManager.m */,
				769D1F181726CFD900360513 /* TuiHttpRequest.h */,
				769D1F191726CFD900360513 /* TuiHttpRequest.m */,
				769D1F1B1726D43900360513 /* TuiUrlReader.h */,
				769D1F1C1726D43900360513 /* TuiUrlReader.m */,
				769D1F1E1726E78900360513 /* TuiJsonReader.h */,
				769D1F1F1726E78900360513 /* TuiJsonReader.m */,
				76AF14681727C68300699E42 /* TuiJsonStorer.h */,
				76AF14691727C68300699E42 /* TuiJsonStorer.m */,
				769D8585172AB8D500E09CAE /* TuiParametrizedUrl.h */,
				769D8586172AB8D500E09CAE /* TuiParametrizedUrl.m */,
				769D8588172ABFA100E09CAE /* TuiUrlManager.h */,
				769D8589172ABFA100E09CAE /* TuiUrlManager.m */,
				765AEBF8172E934F009B1800 /* TuiXmlReader.h */,
				765AEBF9172E934F009B1800 /* TuiXmlReader.m */,
				765AEBFB172E94DE009B1800 /* TuiObjectReader.h */,
				765AEBFC172E94DE009B1800 /* TuiObjectReader.m */,
			);
			name = IO;
			sourceTree = "<group>";
		};
		7667122717213AF000474484 /* Categories */ = {
			isa = PBXGroup;
			children = (
				7667122817213B3A00474484 /* NSString+Tui.h */,
				7667122917213B3A00474484 /* NSString+Tui.m */,
				769D1F211726E9AC00360513 /* NSDictionary+Tui.h */,
				769D1F221726E9AC00360513 /* NSDictionary+Tui.m */,
				76AF146F1727C94100699E42 /* NSObject+Tui.h */,
				76AF14701727C94100699E42 /* NSObject+Tui.m */,
			);
			name = Categories;
			sourceTree = "<group>";
		};
		76AF14641727C19300699E42 /* Cache */ = {
			isa = PBXGroup;
			children = (
				76AF14651727C1E900699E42 /* TuiContextCache.h */,
				76AF14661727C1E900699E42 /* TuiContextCache.m */,
			);
			name = Cache;
			sourceTree = "<group>";
		};
		76AF146B1727C76700699E42 /* Util */ = {
			isa = PBXGroup;
			children = (
				76AF146C1727C7A700699E42 /* TuiClassManager.h */,
				76AF146D1727C7A700699E42 /* TuiClassManager.m */,
			);
			name = Util;
			sourceTree = "<group>";
		};
		76AF14721727CB0F00699E42 /* Model */ = {
			isa = PBXGroup;
			children = (
				76AF14731727CB1E00699E42 /* Time */,
			);
			name = Model;
			sourceTree = "<group>";
		};
		76AF14731727CB1E00699E42 /* Time */ = {
			isa = PBXGroup;
			children = (
				76AF14741727CB7F00699E42 /* TuiDateFormatter.h */,
				76AF14751727CB7F00699E42 /* TuiDateFormatter.m */,
			);
			name = Time;
			sourceTree = "<group>";
		};
/* End PBXGroup section */

/* Begin PBXNativeTarget section */
		766711F3171FF6C800474484 /* TuiObjCApi */ = {
			isa = PBXNativeTarget;
			buildConfigurationList = 76671219171FF6C800474484 /* Build configuration list for PBXNativeTarget "TuiObjCApi" */;
			buildPhases = (
				766711F0171FF6C800474484 /* Sources */,
				766711F1171FF6C800474484 /* Frameworks */,
				766711F2171FF6C800474484 /* CopyFiles */,
			);
			buildRules = (
			);
			dependencies = (
			);
			name = TuiObjCApi;
			productName = TuiObjCApi;
			productReference = 766711F4171FF6C800474484 /* libTuiObjCApi.a */;
			productType = "com.apple.product-type.library.static";
		};
		76671204171FF6C800474484 /* TuiObjCApiTests */ = {
			isa = PBXNativeTarget;
			buildConfigurationList = 7667121C171FF6C800474484 /* Build configuration list for PBXNativeTarget "TuiObjCApiTests" */;
			buildPhases = (
				76671200171FF6C800474484 /* Sources */,
				76671201171FF6C800474484 /* Frameworks */,
				76671202171FF6C800474484 /* Resources */,
				76671203171FF6C800474484 /* ShellScript */,
			);
			buildRules = (
			);
			dependencies = (
				7667120C171FF6C800474484 /* PBXTargetDependency */,
			);
			name = TuiObjCApiTests;
			productName = TuiObjCApiTests;
			productReference = 76671205171FF6C800474484 /* TuiObjCApiTests.octest */;
			productType = "com.apple.product-type.bundle";
		};
/* End PBXNativeTarget section */

/* Begin PBXProject section */
		766711EC171FF6C800474484 /* Project object */ = {
			isa = PBXProject;
			attributes = {
				LastUpgradeCheck = 0460;
				ORGANIZATIONNAME = "Tui Travel A&D";
			};
			buildConfigurationList = 766711EF171FF6C800474484 /* Build configuration list for PBXProject "TuiObjCApi" */;
			compatibilityVersion = "Xcode 3.2";
			developmentRegion = English;
			hasScannedForEncodings = 0;
			knownRegions = (
				en,
			);
			mainGroup = 766711EB171FF6C800474484;
			productRefGroup = 766711F5171FF6C800474484 /* Products */;
			projectDirPath = "";
			projectRoot = "";
			targets = (
				766711F3171FF6C800474484 /* TuiObjCApi */,
				76671204171FF6C800474484 /* TuiObjCApiTests */,
			);
		};
/* End PBXProject section */

/* Begin PBXResourcesBuildPhase section */
		76671202171FF6C800474484 /* Resources */ = {
			isa = PBXResourcesBuildPhase;
			buildActionMask = 2147483647;
			files = (
				76671213171FF6C800474484 /* InfoPlist.strings in Resources */,
			);
			runOnlyForDeploymentPostprocessing = 0;
		};
/* End PBXResourcesBuildPhase section */

/* Begin PBXShellScriptBuildPhase section */
		76671203171FF6C800474484 /* ShellScript */ = {
			isa = PBXShellScriptBuildPhase;
			buildActionMask = 2147483647;
			files = (
			);
			inputPaths = (
			);
			outputPaths = (
			);
			runOnlyForDeploymentPostprocessing = 0;
			shellPath = /bin/sh;
			shellScript = "# Run the unit tests in this test bundle.\n\"${SYSTEM_DEVELOPER_DIR}/Tools/RunUnitTests\"\n";
		};
/* End PBXShellScriptBuildPhase section */

/* Begin PBXSourcesBuildPhase section */
		766711F0171FF6C800474484 /* Sources */ = {
			isa = PBXSourcesBuildPhase;
			buildActionMask = 2147483647;
			files = (
				766712231720021900474484 /* TuiParametrizedXml.m in Sources */,
				7667122A17213B3A00474484 /* NSString+Tui.m in Sources */,
				766712301725606200474484 /* TuiXmlManager.m in Sources */,
				769D1F1A1726CFD900360513 /* TuiHttpRequest.m in Sources */,
				769D1F1D1726D43A00360513 /* TuiUrlReader.m in Sources */,
				769D1F201726E78900360513 /* TuiJsonReader.m in Sources */,
				769D1F231726E9AC00360513 /* NSDictionary+Tui.m in Sources */,
				76AF14671727C1E900699E42 /* TuiContextCache.m in Sources */,
				76AF146A1727C68300699E42 /* TuiJsonStorer.m in Sources */,
				76AF146E1727C7A700699E42 /* TuiClassManager.m in Sources */,
				76AF14711727C94100699E42 /* NSObject+Tui.m in Sources */,
				76AF14761727CB7F00699E42 /* TuiDateFormatter.m in Sources */,
				769D8587172AB8D500E09CAE /* TuiParametrizedUrl.m in Sources */,
				769D858A172ABFA100E09CAE /* TuiUrlManager.m in Sources */,
				765AEBF0172E7C73009B1800 /* RXMLElement.m in Sources */,
				765AEBFA172E934F009B1800 /* TuiXmlReader.m in Sources */,
				765AEBFD172E94DE009B1800 /* TuiObjectReader.m in Sources */,
			);
			runOnlyForDeploymentPostprocessing = 0;
		};
		76671200171FF6C800474484 /* Sources */ = {
			isa = PBXSourcesBuildPhase;
			buildActionMask = 2147483647;
			files = (
				7657F7C91862F62A001C9736 /* TuiXmlManagerTests.m in Sources */,
				7667122D172527FA00474484 /* NSString+Tui.m in Sources */,
				76AF147D1728041D00699E42 /* NSDictionary+Tui.m in Sources */,
				7657F7C71862F62A001C9736 /* TuiParametrizedXmlTests.m in Sources */,
				7657F7CB1862F62A001C9736 /* TuiRandomIdsTest.m in Sources */,
				76AF147E1728042000699E42 /* NSObject+Tui.m in Sources */,
				7650CECE17675B91005CFE85 /* TuiDictionaryTests.m in Sources */,
				7657F7C81862F62A001C9736 /* TuiDateFormatterTests.m in Sources */,
				7657F7CA1862F62A001C9736 /* TuiXmlReaderTests.m in Sources */,
			);
			runOnlyForDeploymentPostprocessing = 0;
		};
/* End PBXSourcesBuildPhase section */

/* Begin PBXTargetDependency section */
		7667120C171FF6C800474484 /* PBXTargetDependency */ = {
			isa = PBXTargetDependency;
			target = 766711F3171FF6C800474484 /* TuiObjCApi */;
			targetProxy = 7667120B171FF6C800474484 /* PBXContainerItemProxy */;
		};
/* End PBXTargetDependency section */

/* Begin PBXVariantGroup section */
		76671211171FF6C800474484 /* InfoPlist.strings */ = {
			isa = PBXVariantGroup;
			children = (
				76671212171FF6C800474484 /* en */,
			);
			name = InfoPlist.strings;
			sourceTree = "<group>";
		};
/* End PBXVariantGroup section */

/* Begin XCBuildConfiguration section */
		76671217171FF6C800474484 /* Debug */ = {
			isa = XCBuildConfiguration;
			buildSettings = {
				ALWAYS_SEARCH_USER_PATHS = NO;
				CLANG_CXX_LANGUAGE_STANDARD = "gnu++0x";
				CLANG_CXX_LIBRARY = "libc++";
				CLANG_ENABLE_OBJC_ARC = YES;
				CLANG_WARN_CONSTANT_CONVERSION = YES;
				CLANG_WARN_EMPTY_BODY = YES;
				CLANG_WARN_ENUM_CONVERSION = YES;
				CLANG_WARN_INT_CONVERSION = YES;
				CLANG_WARN__DUPLICATE_METHOD_MATCH = YES;
				COPY_PHASE_STRIP = NO;
				GCC_C_LANGUAGE_STANDARD = gnu99;
				GCC_DYNAMIC_NO_PIC = NO;
				GCC_OPTIMIZATION_LEVEL = 0;
				GCC_PREPROCESSOR_DEFINITIONS = (
					"DEBUG=1",
					"$(inherited)",
				);
				GCC_SYMBOLS_PRIVATE_EXTERN = NO;
				GCC_WARN_ABOUT_RETURN_TYPE = YES;
				GCC_WARN_UNINITIALIZED_AUTOS = YES;
				GCC_WARN_UNUSED_VARIABLE = YES;
				IPHONEOS_DEPLOYMENT_TARGET = 6.1;
				ONLY_ACTIVE_ARCH = YES;
				SDKROOT = iphoneos;
			};
			name = Debug;
		};
		76671218171FF6C800474484 /* Release */ = {
			isa = XCBuildConfiguration;
			buildSettings = {
				ALWAYS_SEARCH_USER_PATHS = NO;
				CLANG_CXX_LANGUAGE_STANDARD = "gnu++0x";
				CLANG_CXX_LIBRARY = "libc++";
				CLANG_ENABLE_OBJC_ARC = YES;
				CLANG_WARN_CONSTANT_CONVERSION = YES;
				CLANG_WARN_EMPTY_BODY = YES;
				CLANG_WARN_ENUM_CONVERSION = YES;
				CLANG_WARN_INT_CONVERSION = YES;
				CLANG_WARN__DUPLICATE_METHOD_MATCH = YES;
				COPY_PHASE_STRIP = YES;
				GCC_C_LANGUAGE_STANDARD = gnu99;
				GCC_WARN_ABOUT_RETURN_TYPE = YES;
				GCC_WARN_UNINITIALIZED_AUTOS = YES;
				GCC_WARN_UNUSED_VARIABLE = YES;
				IPHONEOS_DEPLOYMENT_TARGET = 6.1;
				SDKROOT = iphoneos;
				VALIDATE_PRODUCT = YES;
			};
			name = Release;
		};
		7667121A171FF6C800474484 /* Debug */ = {
			isa = XCBuildConfiguration;
			buildSettings = {
				"CODE_SIGN_ENTITLEMENTS[sdk=*]" = "";
				CODE_SIGN_IDENTITY = "iPhone Developer";
				DSTROOT = /tmp/TuiObjCApi.dst;
				GCC_PRECOMPILE_PREFIX_HEADER = YES;
				GCC_PREFIX_HEADER = "TuiObjCApi/TuiObjCApi-Prefix.pch";
				"HEADER_SEARCH_PATHS[arch=*]" = "\"$(SDK_DIR)\"/usr/include/libxml2";
				OTHER_LDFLAGS = "-ObjC";
				PRODUCT_NAME = "$(TARGET_NAME)";
				SKIP_INSTALL = YES;
			};
			name = Debug;
		};
		7667121B171FF6C800474484 /* Release */ = {
			isa = XCBuildConfiguration;
			buildSettings = {
				CODE_SIGN_IDENTITY = "iPhone Developer";
				DSTROOT = /tmp/TuiObjCApi.dst;
				GCC_PRECOMPILE_PREFIX_HEADER = YES;
				GCC_PREFIX_HEADER = "TuiObjCApi/TuiObjCApi-Prefix.pch";
				"HEADER_SEARCH_PATHS[arch=*]" = "\"$(SDK_DIR)\"/usr/include/libxml2";
				OTHER_LDFLAGS = "-ObjC";
				PRODUCT_NAME = "$(TARGET_NAME)";
				SKIP_INSTALL = YES;
			};
			name = Release;
		};
		7667121D171FF6C800474484 /* Debug */ = {
			isa = XCBuildConfiguration;
			buildSettings = {
				CODE_SIGN_IDENTITY = "iPhone Developer";
				FRAMEWORK_SEARCH_PATHS = (
					"\"$(SDKROOT)/Developer/Library/Frameworks\"",
					"\"$(DEVELOPER_LIBRARY_DIR)/Frameworks\"",
				);
				GCC_PRECOMPILE_PREFIX_HEADER = YES;
				GCC_PREFIX_HEADER = "TuiObjCApi/TuiObjCApi-Prefix.pch";
				INFOPLIST_FILE = "TuiObjCApiTests/TuiObjCApiTests-Info.plist";
				PRODUCT_NAME = "$(TARGET_NAME)";
				WRAPPER_EXTENSION = octest;
			};
			name = Debug;
		};
		7667121E171FF6C800474484 /* Release */ = {
			isa = XCBuildConfiguration;
			buildSettings = {
				CODE_SIGN_IDENTITY = "iPhone Developer";
				FRAMEWORK_SEARCH_PATHS = (
					"\"$(SDKROOT)/Developer/Library/Frameworks\"",
					"\"$(DEVELOPER_LIBRARY_DIR)/Frameworks\"",
				);
				GCC_PRECOMPILE_PREFIX_HEADER = YES;
				GCC_PREFIX_HEADER = "TuiObjCApi/TuiObjCApi-Prefix.pch";
				INFOPLIST_FILE = "TuiObjCApiTests/TuiObjCApiTests-Info.plist";
				PRODUCT_NAME = "$(TARGET_NAME)";
				WRAPPER_EXTENSION = octest;
			};
			name = Release;
		};
/* End XCBuildConfiguration section */

/* Begin XCConfigurationList section */
		766711EF171FF6C800474484 /* Build configuration list for PBXProject "TuiObjCApi" */ = {
			isa = XCConfigurationList;
			buildConfigurations = (
				76671217171FF6C800474484 /* Debug */,
				76671218171FF6C800474484 /* Release */,
			);
			defaultConfigurationIsVisible = 0;
			defaultConfigurationName = Release;
		};
		76671219171FF6C800474484 /* Build configuration list for PBXNativeTarget "TuiObjCApi" */ = {
			isa = XCConfigurationList;
			buildConfigurations = (
				7667121A171FF6C800474484 /* Debug */,
				7667121B171FF6C800474484 /* Release */,
			);
			defaultConfigurationIsVisible = 0;
			defaultConfigurationName = Release;
		};
		7667121C171FF6C800474484 /* Build configuration list for PBXNativeTarget "TuiObjCApiTests" */ = {
			isa = XCConfigurationList;
			buildConfigurations = (
				7667121D171FF6C800474484 /* Debug */,
				7667121E171FF6C800474484 /* Release */,
			);
			defaultConfigurationIsVisible = 0;
			defaultConfigurationName = Release;
		};
/* End XCConfigurationList section */
	};
	rootObject = 766711EC171FF6C800474484 /* Project object */;
}
